// !$*UTF8*$!
{
	archiveVersion = 1;
	classes = {
	};
	objectVersion = 48;
	objects = {

/* Begin PBXBuildFile section */
		557F078F2043BF0F0096A794 /* Story.swift in Sources */ = {isa = PBXBuildFile; fileRef = 557F078E2043BF0F0096A794 /* Story.swift */; };
		557F07912043D5800096A794 /* Page.swift in Sources */ = {isa = PBXBuildFile; fileRef = 557F07902043D5800096A794 /* Page.swift */; };
		557F0793204475170096A794 /* PageController.swift in Sources */ = {isa = PBXBuildFile; fileRef = 557F0792204475170096A794 /* PageController.swift */; };
		55CC6CAA20412F4800E6348F /* AppDelegate.swift in Sources */ = {isa = PBXBuildFile; fileRef = 55CC6CA920412F4800E6348F /* AppDelegate.swift */; };
		55CC6CAC20412F4800E6348F /* ViewController.swift in Sources */ = {isa = PBXBuildFile; fileRef = 55CC6CAB20412F4800E6348F /* ViewController.swift */; };
		55CC6CAF20412F4800E6348F /* Main.storyboard in Resources */ = {isa = PBXBuildFile; fileRef = 55CC6CAD20412F4800E6348F /* Main.storyboard */; };
		55CC6CB120412F4800E6348F /* Assets.xcassets in Resources */ = {isa = PBXBuildFile; fileRef = 55CC6CB020412F4800E6348F /* Assets.xcassets */; };
		55CC6CB420412F4800E6348F /* LaunchScreen.storyboard in Resources */ = {isa = PBXBuildFile; fileRef = 55CC6CB220412F4800E6348F /* LaunchScreen.storyboard */; };
		55EC43DB20475F9600CD02AD /* Ominous.wav in Resources */ = {isa = PBXBuildFile; fileRef = 55EC43D820475F9500CD02AD /* Ominous.wav */; };
		55EC43DC20475F9600CD02AD /* PageTurn.wav in Resources */ = {isa = PBXBuildFile; fileRef = 55EC43D920475F9600CD02AD /* PageTurn.wav */; };
		55EC43DD20475F9600CD02AD /* HappyEnding.wav in Resources */ = {isa = PBXBuildFile; fileRef = 55EC43DA20475F9600CD02AD /* HappyEnding.wav */; };
		55EC43DF2047601300CD02AD /* Audio.swift in Sources */ = {isa = PBXBuildFile; fileRef = 55EC43DE2047601300CD02AD /* Audio.swift */; };
/* End PBXBuildFile section */

/* Begin PBXFileReference section */
		557F078E2043BF0F0096A794 /* Story.swift */ = {isa = PBXFileReference; lastKnownFileType = sourcecode.swift; path = Story.swift; sourceTree = "<group>"; };
		557F07902043D5800096A794 /* Page.swift */ = {isa = PBXFileReference; lastKnownFileType = sourcecode.swift; path = Page.swift; sourceTree = "<group>"; };
		557F0792204475170096A794 /* PageController.swift */ = {isa = PBXFileReference; lastKnownFileType = sourcecode.swift; path = PageController.swift; sourceTree = "<group>"; };
		55CC6CA620412F4800E6348F /* InteractiveStory.app */ = {isa = PBXFileReference; explicitFileType = wrapper.application; includeInIndex = 0; path = InteractiveStory.app; sourceTree = BUILT_PRODUCTS_DIR; };
		55CC6CA920412F4800E6348F /* AppDelegate.swift */ = {isa = PBXFileReference; lastKnownFileType = sourcecode.swift; path = AppDelegate.swift; sourceTree = "<group>"; };
		55CC6CAB20412F4800E6348F /* ViewController.swift */ = {isa = PBXFileReference; lastKnownFileType = sourcecode.swift; path = ViewController.swift; sourceTree = "<group>"; };
		55CC6CAE20412F4800E6348F /* Base */ = {isa = PBXFileReference; lastKnownFileType = file.storyboard; name = Base; path = Base.lproj/Main.storyboard; sourceTree = "<group>"; };
		55CC6CB020412F4800E6348F /* Assets.xcassets */ = {isa = PBXFileReference; lastKnownFileType = folder.assetcatalog; path = Assets.xcassets; sourceTree = "<group>"; };
		55CC6CB320412F4800E6348F /* Base */ = {isa = PBXFileReference; lastKnownFileType = file.storyboard; name = Base; path = Base.lproj/LaunchScreen.storyboard; sourceTree = "<group>"; };
		55CC6CB520412F4800E6348F /* Info.plist */ = {isa = PBXFileReference; lastKnownFileType = text.plist.xml; path = Info.plist; sourceTree = "<group>"; };
		55EC43D820475F9500CD02AD /* Ominous.wav */ = {isa = PBXFileReference; lastKnownFileType = audio.wav; name = Ominous.wav; path = Sounds/Ominous.wav; sourceTree = SOURCE_ROOT; };
		55EC43D920475F9600CD02AD /* PageTurn.wav */ = {isa = PBXFileReference; lastKnownFileType = audio.wav; name = PageTurn.wav; path = Sounds/PageTurn.wav; sourceTree = SOURCE_ROOT; };
		55EC43DA20475F9600CD02AD /* HappyEnding.wav */ = {isa = PBXFileReference; lastKnownFileType = audio.wav; name = HappyEnding.wav; path = Sounds/HappyEnding.wav; sourceTree = SOURCE_ROOT; };
		55EC43DE2047601300CD02AD /* Audio.swift */ = {isa = PBXFileReference; lastKnownFileType = sourcecode.swift; path = Audio.swift; sourceTree = "<group>"; };
/* End PBXFileReference section */

/* Begin PBXFrameworksBuildPhase section */
		55CC6CA320412F4800E6348F /* Frameworks */ = {
			isa = PBXFrameworksBuildPhase;
			buildActionMask = 2147483647;
			files = (
			);
			runOnlyForDeploymentPostprocessing = 0;
		};
/* End PBXFrameworksBuildPhase section */

/* Begin PBXGroup section */
		55CC6C9D20412F4800E6348F = {
			isa = PBXGroup;
			children = (
				55CC6CA820412F4800E6348F /* InteractiveStory */,
				55CC6CA720412F4800E6348F /* Products */,
			);
			sourceTree = "<group>";
		};
		55CC6CA720412F4800E6348F /* Products */ = {
			isa = PBXGroup;
			children = (
				55CC6CA620412F4800E6348F /* InteractiveStory.app */,
			);
			name = Products;
			sourceTree = "<group>";
		};
		55CC6CA820412F4800E6348F /* InteractiveStory */ = {
			isa = PBXGroup;
			children = (
				55CC6CA920412F4800E6348F /* AppDelegate.swift */,
				55CC6CAB20412F4800E6348F /* ViewController.swift */,
				557F078E2043BF0F0096A794 /* Story.swift */,
				557F07902043D5800096A794 /* Page.swift */,
				557F0792204475170096A794 /* PageController.swift */,
				55EC43DE2047601300CD02AD /* Audio.swift */,
				55CC6CAD20412F4800E6348F /* Main.storyboard */,
				55EC43D720475F3D00CD02AD /* Resources */,
				55CC6CB020412F4800E6348F /* Assets.xcassets */,
				55CC6CB220412F4800E6348F /* LaunchScreen.storyboard */,
				55CC6CB520412F4800E6348F /* Info.plist */,
			);
			path = InteractiveStory;
			sourceTree = "<group>";
		};
		55EC43D720475F3D00CD02AD /* Resources */ = {
			isa = PBXGroup;
			children = (
				55EC43DA20475F9600CD02AD /* HappyEnding.wav */,
				55EC43D820475F9500CD02AD /* Ominous.wav */,
				55EC43D920475F9600CD02AD /* PageTurn.wav */,
			);
			path = Resources;
			sourceTree = "<group>";
		};
/* End PBXGroup section */

/* Begin PBXNativeTarget section */
		55CC6CA520412F4800E6348F /* InteractiveStory */ = {
			isa = PBXNativeTarget;
			buildConfigurationList = 55CC6CB820412F4800E6348F /* Build configuration list for PBXNativeTarget "InteractiveStory" */;
			buildPhases = (
				55CC6CA220412F4800E6348F /* Sources */,
				55CC6CA320412F4800E6348F /* Frameworks */,
				55CC6CA420412F4800E6348F /* Resources */,
			);
			buildRules = (
			);
			dependencies = (
			);
			name = InteractiveStory;
			productName = InteractiveStory;
			productReference = 55CC6CA620412F4800E6348F /* InteractiveStory.app */;
			productType = "com.apple.product-type.application";
		};
/* End PBXNativeTarget section */

/* Begin PBXProject section */
		55CC6C9E20412F4800E6348F /* Project object */ = {
			isa = PBXProject;
			attributes = {
				LastSwiftUpdateCheck = 0900;
				LastUpgradeCheck = 0900;
				ORGANIZATIONNAME = "Eli Cobler";
				TargetAttributes = {
					55CC6CA520412F4800E6348F = {
						CreatedOnToolsVersion = 9.0.1;
						ProvisioningStyle = Automatic;
					};
				};
			};
			buildConfigurationList = 55CC6CA120412F4800E6348F /* Build configuration list for PBXProject "InteractiveStory" */;
			compatibilityVersion = "Xcode 8.0";
			developmentRegion = en;
			hasScannedForEncodings = 0;
			knownRegions = (
				en,
				Base,
			);
			mainGroup = 55CC6C9D20412F4800E6348F;
			productRefGroup = 55CC6CA720412F4800E6348F /* Products */;
			projectDirPath = "";
			projectRoot = "";
			targets = (
				55CC6CA520412F4800E6348F /* InteractiveStory */,
			);
		};
/* End PBXProject section */

/* Begin PBXResourcesBuildPhase section */
		55CC6CA420412F4800E6348F /* Resources */ = {
			isa = PBXResourcesBuildPhase;
			buildActionMask = 2147483647;
			files = (
				55EC43DD20475F9600CD02AD /* HappyEnding.wav in Resources */,
				55EC43DC20475F9600CD02AD /* PageTurn.wav in Resources */,
				55CC6CB420412F4800E6348F /* LaunchScreen.storyboard in Resources */,
				55EC43DB20475F9600CD02AD /* Ominous.wav in Resources */,
				55CC6CB120412F4800E6348F /* Assets.xcassets in Resources */,
				55CC6CAF20412F4800E6348F /* Main.storyboard in Resources */,
			);
			runOnlyForDeploymentPostprocessing = 0;
		};
/* End PBXResourcesBuildPhase section */

/* Begin PBXSourcesBuildPhase section */
		55CC6CA220412F4800E6348F /* Sources */ = {
			isa = PBXSourcesBuildPhase;
			buildActionMask = 2147483647;
			files = (
				55EC43DF2047601300CD02AD /* Audio.swift in Sources */,
				55CC6CAC20412F4800E6348F /* ViewController.swift in Sources */,
				55CC6CAA20412F4800E6348F /* AppDelegate.swift in Sources */,
				557F07912043D5800096A794 /* Page.swift in Sources */,
				557F078F2043BF0F0096A794 /* Story.swift in Sources */,
				557F0793204475170096A794 /* PageController.swift in Sources */,
			);
			runOnlyForDeploymentPostprocessing = 0;
		};
/* End PBXSourcesBuildPhase section */

/* Begin PBXVariantGroup section */
		55CC6CAD20412F4800E6348F /* Main.storyboard */ = {
			isa = PBXVariantGroup;
			children = (
				55CC6CAE20412F4800E6348F /* Base */,
			);
			name = Main.storyboard;
			sourceTree = "<group>";
		};
		55CC6CB220412F4800E6348F /* LaunchScreen.storyboard */ = {
			isa = PBXVariantGroup;
			children = (
				55CC6CB320412F4800E6348F /* Base */,
			);
			name = LaunchScreen.storyboard;
			sourceTree = "<group>";
		};
/* End PBXVariantGroup section */

/* Begin XCBuildConfiguration section */
		55CC6CB620412F4800E6348F /* Debug */ = {
			isa = XCBuildConfiguration;
			buildSettings = {
				ALWAYS_SEARCH_USER_PATHS = NO;
				CLANG_ANALYZER_NONNULL = YES;
				CLANG_ANALYZER_NUMBER_OBJECT_CONVERSION = YES_AGGRESSIVE;
				CLANG_CXX_LANGUAGE_STANDARD = "gnu++14";
				CLANG_CXX_LIBRARY = "libc++";
				CLANG_ENABLE_MODULES = YES;
				CLANG_ENABLE_OBJC_ARC = YES;
				CLANG_WARN_BLOCK_CAPTURE_AUTORELEASING = YES;
				CLANG_WARN_BOOL_CONVERSION = YES;
				CLANG_WARN_COMMA = YES;
				CLANG_WARN_CONSTANT_CONVERSION = YES;
				CLANG_WARN_DIRECT_OBJC_ISA_USAGE = YES_ERROR;
				CLANG_WARN_DOCUMENTATION_COMMENTS = YES;
				CLANG_WARN_EMPTY_BODY = YES;
				CLANG_WARN_ENUM_CONVERSION = YES;
				CLANG_WARN_INFINITE_RECURSION = YES;
				CLANG_WARN_INT_CONVERSION = YES;
				CLANG_WARN_NON_LITERAL_NULL_CONVERSION = YES;
				CLANG_WARN_OBJC_LITERAL_CONVERSION = YES;
				CLANG_WARN_OBJC_ROOT_CLASS = YES_ERROR;
				CLANG_WARN_RANGE_LOOP_ANALYSIS = YES;
				CLANG_WARN_STRICT_PROTOTYPES = YES;
				CLANG_WARN_SUSPICIOUS_MOVE = YES;
				CLANG_WARN_UNGUARDED_AVAILABILITY = YES_AGGRESSIVE;
				CLANG_WARN_UNREACHABLE_CODE = YES;
				CLANG_WARN__DUPLICATE_METHOD_MATCH = YES;
				CODE_SIGN_IDENTITY = "iPhone Developer";
				COPY_PHASE_STRIP = NO;
				DEBUG_INFORMATION_FORMAT = dwarf;
				ENABLE_STRICT_OBJC_MSGSEND = YES;
				ENABLE_TESTABILITY = YES;
				GCC_C_LANGUAGE_STANDARD = gnu11;
				GCC_DYNAMIC_NO_PIC = NO;
				GCC_NO_COMMON_BLOCKS = YES;
				GCC_OPTIMIZATION_LEVEL = 0;
				GCC_PREPROCESSOR_DEFINITIONS = (
					"DEBUG=1",
					"$(inherited)",
				);
				GCC_WARN_64_TO_32_BIT_CONVERSION = YES;
				GCC_WARN_ABOUT_RETURN_TYPE = YES_ERROR;
				GCC_WARN_UNDECLARED_SELECTOR = YES;
				GCC_WARN_UNINITIALIZED_AUTOS = YES_AGGRESSIVE;
				GCC_WARN_UNUSED_FUNCTION = YES;
				GCC_WARN_UNUSED_VARIABLE = YES;
				IPHONEOS_DEPLOYMENT_TARGET = 11.0;
				MTL_ENABLE_DEBUG_INFO = YES;
				ONLY_ACTIVE_ARCH = YES;
				SDKROOT = iphoneos;
				SWIFT_ACTIVE_COMPILATION_CONDITIONS = DEBUG;
				SWIFT_OPTIMIZATION_LEVEL = "-Onone";
			};
			name = Debug;
		};
		55CC6CB720412F4800E6348F /* Release */ = {
			isa = XCBuildConfiguration;
			buildSettings = {
				ALWAYS_SEARCH_USER_PATHS = NO;
				CLANG_ANALYZER_NONNULL = YES;
				CLANG_ANALYZER_NUMBER_OBJECT_CONVERSION = YES_AGGRESSIVE;
				CLANG_CXX_LANGUAGE_STANDARD = "gnu++14";
				CLANG_CXX_LIBRARY = "libc++";
				CLANG_ENABLE_MODULES = YES;
				CLANG_ENABLE_OBJC_ARC = YES;
				CLANG_WARN_BLOCK_CAPTURE_AUTORELEASING = YES;
				CLANG_WARN_BOOL_CONVERSION = YES;
				CLANG_WARN_COMMA = YES;
				CLANG_WARN_CONSTANT_CONVERSION = YES;
				CLANG_WARN_DIRECT_OBJC_ISA_USAGE = YES_ERROR;
				CLANG_WARN_DOCUMENTATION_COMMENTS = YES;
				CLANG_WARN_EMPTY_BODY = YES;
				CLANG_WARN_ENUM_CONVERSION = YES;
				CLANG_WARN_INFINITE_RECURSION = YES;
				CLANG_WARN_INT_CONVERSION = YES;
				CLANG_WARN_NON_LITERAL_NULL_CONVERSION = YES;
				CLANG_WARN_OBJC_LITERAL_CONVERSION = YES;
				CLANG_WARN_OBJC_ROOT_CLASS = YES_ERROR;
				CLANG_WARN_RANGE_LOOP_ANALYSIS = YES;
				CLANG_WARN_STRICT_PROTOTYPES = YES;
				CLANG_WARN_SUSPICIOUS_MOVE = YES;
				CLANG_WARN_UNGUARDED_AVAILABILITY = YES_AGGRESSIVE;
				CLANG_WARN_UNREACHABLE_CODE = YES;
				CLANG_WARN__DUPLICATE_METHOD_MATCH = YES;
				CODE_SIGN_IDENTITY = "iPhone Developer";
				COPY_PHASE_STRIP = NO;
				DEBUG_INFORMATION_FORMAT = "dwarf-with-dsym";
				ENABLE_NS_ASSERTIONS = NO;
				ENABLE_STRICT_OBJC_MSGSEND = YES;
				GCC_C_LANGUAGE_STANDARD = gnu11;
				GCC_NO_COMMON_BLOCKS = YES;
				GCC_WARN_64_TO_32_BIT_CONVERSION = YES;
				GCC_WARN_ABOUT_RETURN_TYPE = YES_ERROR;
				GCC_WARN_UNDECLARED_SELECTOR = YES;
				GCC_WARN_UNINITIALIZED_AUTOS = YES_AGGRESSIVE;
				GCC_WARN_UNUSED_FUNCTION = YES;
				GCC_WARN_UNUSED_VARIABLE = YES;
				IPHONEOS_DEPLOYMENT_TARGET = 11.0;
				MTL_ENABLE_DEBUG_INFO = NO;
				SDKROOT = iphoneos;
				SWIFT_OPTIMIZATION_LEVEL = "-Owholemodule";
				VALIDATE_PRODUCT = YES;
			};
			name = Release;
		};
		55CC6CB920412F4800E6348F /* Debug */ = {
			isa = XCBuildConfiguration;
			buildSettings = {
				ASSETCATALOG_COMPILER_APPICON_NAME = AppIcon;
				CODE_SIGN_STYLE = Automatic;
				DEVELOPMENT_TEAM = 24UL79H2G8;
				INFOPLIST_FILE = InteractiveStory/Info.plist;
				LD_RUNPATH_SEARCH_PATHS = "$(inherited) @executable_path/Frameworks";
				PRODUCT_BUNDLE_IDENTIFIER = com.elicobler.InteractiveStory;
				PRODUCT_NAME = "$(TARGET_NAME)";
				SWIFT_VERSION = 4.0;
				TARGETED_DEVICE_FAMILY = "1,2";
			};
			name = Debug;
		};
		55CC6CBA20412F4800E6348F /* Release */ = {
			isa = XCBuildConfiguration;
			buildSettings = {
				ASSETCATALOG_COMPILER_APPICON_NAME = AppIcon;
				CODE_SIGN_STYLE = Automatic;
				DEVELOPMENT_TEAM = 24UL79H2G8;
				INFOPLIST_FILE = InteractiveStory/Info.plist;
				LD_RUNPATH_SEARCH_PATHS = "$(inherited) @executable_path/Frameworks";
				PRODUCT_BUNDLE_IDENTIFIER = com.elicobler.InteractiveStory;
				PRODUCT_NAME = "$(TARGET_NAME)";
				SWIFT_VERSION = 4.0;
				TARGETED_DEVICE_FAMILY = "1,2";
			};
			name = Release;
		};
/* End XCBuildConfiguration section */

/* Begin XCConfigurationList section */
		55CC6CA120412F4800E6348F /* Build configuration list for PBXProject "InteractiveStory" */ = {
			isa = XCConfigurationList;
			buildConfigurations = (
				55CC6CB620412F4800E6348F /* Debug */,
				55CC6CB720412F4800E6348F /* Release */,
			);
			defaultConfigurationIsVisible = 0;
			defaultConfigurationName = Release;
		};
		55CC6CB820412F4800E6348F /* Build configuration list for PBXNativeTarget "InteractiveStory" */ = {
			isa = XCConfigurationList;
			buildConfigurations = (
				55CC6CB920412F4800E6348F /* Debug */,
				55CC6CBA20412F4800E6348F /* Release */,
			);
			defaultConfigurationIsVisible = 0;
			defaultConfigurationName = Release;
		};
/* End XCConfigurationList section */
	};
	rootObject = 55CC6C9E20412F4800E6348F /* Project object */;
}
